
Microsoft Visual Studio Solution File, Format Version 12.00
# Visual Studio Version 17
VisualStudioVersion = 17.8.34511.84
MinimumVisualStudioVersion = 10.0.40219.1
Project("{9A19103F-16F7-4668-BE54-9A1E7A4F7556}") = "AM.UI.Console", "AM.UI.Console\AM.UI.Console.csproj", "{40E68937-A35D-4339-B481-888231758F88}"
EndProject
Project("{9A19103F-16F7-4668-BE54-9A1E7A4F7556}") = "AM.Core.Domain", "AM.Core.Domain\AM.Core.Domain.csproj", "{6B8F6C0C-E950-497C-886E-9A2C074E58B2}"
EndProject
Project("{9A19103F-16F7-4668-BE54-9A1E7A4F7556}") = "AM.Core.Services", "AM.Core.Services\AM.Core.Services.csproj", "{5659D15C-9ED7-4C38-9FE0-4CE1587D5CAF}"
EndProject
Project("{FAE04EC0-301F-11D3-BF4B-00C04F79EFBC}") = "AM.Data", "AM.Data\AM.Data.csproj", "{FC996AA6-5CBC-4BA6-92FF-DE7E6A5F213C}"
EndProject
Global
	GlobalSection(SolutionConfigurationPlatforms) = preSolution
		Debug|Any CPU = Debug|Any CPU
		Release|Any CPU = Release|Any CPU
	EndGlobalSection
	GlobalSection(ProjectConfigurationPlatforms) = postSolution
		{40E68937-A35D-4339-B481-888231758F88}.Debug|Any CPU.ActiveCfg = Debug|Any CPU
		{40E68937-A35D-4339-B481-888231758F88}.Debug|Any CPU.Build.0 = Debug|Any CPU
		{40E68937-A35D-4339-B481-888231758F88}.Release|Any CPU.ActiveCfg = Release|Any CPU
		{40E68937-A35D-4339-B481-888231758F88}.Release|Any CPU.Build.0 = Release|Any CPU
		{6B8F6C0C-E950-497C-886E-9A2C074E58B2}.Debug|Any CPU.ActiveCfg = Debug|Any CPU
		{6B8F6C0C-E950-497C-886E-9A2C074E58B2}.Debug|Any CPU.Build.0 = Debug|Any CPU
		{6B8F6C0C-E950-497C-886E-9A2C074E58B2}.Release|Any CPU.ActiveCfg = Release|Any CPU
		{6B8F6C0C-E950-497C-886E-9A2C074E58B2}.Release|Any CPU.Build.0 = Release|Any CPU
		{5659D15C-9ED7-4C38-9FE0-4CE1587D5CAF}.Debug|Any CPU.ActiveCfg = Debug|Any CPU
		{5659D15C-9ED7-4C38-9FE0-4CE1587D5CAF}.Debug|Any CPU.Build.0 = Debug|Any CPU
		{5659D15C-9ED7-4C38-9FE0-4CE1587D5CAF}.Release|Any CPU.ActiveCfg = Release|Any CPU
		{5659D15C-9ED7-4C38-9FE0-4CE1587D5CAF}.Release|Any CPU.Build.0 = Release|Any CPU
		{FC996AA6-5CBC-4BA6-92FF-DE7E6A5F213C}.Debug|Any CPU.ActiveCfg = Debug|Any CPU
		{FC996AA6-5CBC-4BA6-92FF-DE7E6A5F213C}.Debug|Any CPU.Build.0 = Debug|Any CPU
		{FC996AA6-5CBC-4BA6-92FF-DE7E6A5F213C}.Release|Any CPU.ActiveCfg = Release|Any CPU
		{FC996AA6-5CBC-4BA6-92FF-DE7E6A5F213C}.Release|Any CPU.Build.0 = Release|Any CPU
	EndGlobalSection
	GlobalSection(SolutionProperties) = preSolution
		HideSolutionNode = FALSE
	EndGlobalSection
	GlobalSection(ExtensibilityGlobals) = postSolution
		SolutionGuid = {83F834B0-8128-40DD-B98B-C70C68AAD35C}
	EndGlobalSection
EndGlobal
